%{
  "bandit": {:hex, :bandit, "1.10.1", "6b1f8609d947ae2a74da5bba8aee938c94348634e54e5625eef622ca0bbbb062", [:mix], [{:hpax, "~> 1.0", [hex: :hpax, repo: "hexpm", optional: false]}, {:plug, "~> 1.18", [hex: :plug, repo: "hexpm", optional: false]}, {:telemetry, "~> 0.4 or ~> 1.0", [hex: :telemetry, repo: "hexpm", optional: false]}, {:thousand_island, "~> 1.0", [hex: :thousand_island, repo: "hexpm", optional: false]}, {:websock, "~> 0.5", [hex: :websock, repo: "hexpm", optional: false]}], "hexpm", "4b4c35f273030e44268ace53bf3d5991dfc385c77374244e2f960876547671aa"},
  "castore": {:hex, :castore, "1.0.17", "4f9770d2d45fbd91dcf6bd404cf64e7e58fed04fadda0923dc32acca0badffa2", [:mix], [], "hexpm", "12d24b9d80b910dd3953e165636d68f147a31db945d2dcb9365e441f8b5351e5"},
  "cc_precompiler": {:hex, :cc_precompiler, "0.1.11", "8c844d0b9fb98a3edea067f94f616b3f6b29b959b6b3bf25fee94ffe34364768", [:mix], [{:elixir_make, "~> 0.7", [hex: :elixir_make, repo: "hexpm", optional: false]}], "hexpm", "3427232caf0835f94680e5bcf082408a70b48ad68a5f5c0b02a3bea9f3a075b9"},
  "db_connection": {:hex, :db_connection, "2.8.1", "9abdc1e68c34c6163f6fb96a96532272d13ad7ca45262156ae8b7ec6d9dc4bec", [:mix], [{:telemetry, "~> 0.4 or ~> 1.0", [hex: :telemetry, repo: "hexpm", optional: false]}], "hexpm", "a61a3d489b239d76f326e03b98794fb8e45168396c925ef25feb405ed09da8fd"},
  "dns_cluster": {:hex, :dns_cluster, "0.2.0", "aa8eb46e3bd0326bd67b84790c561733b25c5ba2fe3c7e36f28e88f384ebcb33", [:mix], [], "hexpm", "ba6f1893411c69c01b9e8e8f772062535a4cf70f3f35bcc964a324078d8c8240"},
  "dotenv": {:hex, :dotenv, "3.1.0", "d5a76bb17dc28acfb5236655bbe5776a1ffbdc8d3589fc992de0882b3ae4bc10", [:mix], [], "hexpm", "01bed84d21bedd8739aebad16489a3ce12d19c2d59af87377da65ebb361980d3"},
  "elixir_make": {:hex, :elixir_make, "0.9.0", "6484b3cd8c0cee58f09f05ecaf1a140a8c97670671a6a0e7ab4dc326c3109726", [:mix], [], "hexpm", "db23d4fd8b757462ad02f8aa73431a426fe6671c80b200d9710caf3d1dd0ffdb"},
  "esbuild": {:hex, :esbuild, "0.10.0", "b0aa3388a1c23e727c5a3e7427c932d89ee791746b0081bbe56103e9ef3d291f", [:mix], [{:jason, "~> 1.4", [hex: :jason, repo: "hexpm", optional: false]}], "hexpm", "468489cda427b974a7cc9f03ace55368a83e1a7be12fba7e30969af78e5f8c70"},
  "ethereumex": {:hex, :ethereumex, "0.12.2", "720b7b7df808b9b148e798d15b69c85876957effcb5990e41cbfcd9de3d8061e", [:make, :mix], [{:finch, "~> 0.16", [hex: :finch, repo: "hexpm", optional: false]}, {:jason, "~> 1.4", [hex: :jason, repo: "hexpm", optional: true]}, {:poolboy, "~> 1.5", [hex: :poolboy, repo: "hexpm", optional: false]}, {:telemetry, "~> 0.4 or ~> 1.0", [hex: :telemetry, repo: "hexpm", optional: false]}, {:websockex, "~> 0.4.3", [hex: :websockex, repo: "hexpm", optional: false]}], "hexpm", "5132244182a00f7eb8e80a4fff52048cadf82aa38d4656ac39226ab668974b03"},
  "ethers": {:hex, :ethers, "0.6.10", "1a151a6043288c562c81bf8b26e21fff600e85df3d2d05b75e96a1994372b0cd", [:mix], [{:ethereumex, ">= 0.10.7 and < 1.0.0-0", [hex: :ethereumex, repo: "hexpm", optional: false]}, {:ex_abi, "~> 0.8.0", [hex: :ex_abi, repo: "hexpm", optional: false]}, {:ex_keccak, "~> 0.7.5", [hex: :ex_keccak, repo: "hexpm", optional: false]}, {:ex_rlp, "~> 0.6.0", [hex: :ex_rlp, repo: "hexpm", optional: false]}, {:ex_secp256k1, "~> 0.7.2", [hex: :ex_secp256k1, repo: "hexpm", optional: true]}, {:idna, "~> 6.1", [hex: :idna, repo: "hexpm", optional: false]}, {:jason, "~> 1.4", [hex: :jason, repo: "hexpm", optional: false]}, {:req, "~> 0.5", [hex: :req, repo: "hexpm", optional: false]}], "hexpm", "4acb6eabf76ed7dedc2b56abe7f528a7a4ce4243fe2f531b25c0bac545d5ca8b"},
  "ex_abi": {:hex, :ex_abi, "0.8.3", "e01cbafd81008db9e8bc8ac0a4ae5bf08e86a2d82afdca242550269445b80e04", [:mix], [{:ex_keccak, "~> 0.7.6", [hex: :ex_keccak, repo: "hexpm", optional: true]}], "hexpm", "6349a10331c54a1e09865811f705913fa181bc75b4c9a2d326fd96e21bf60cd4"},
  "ex_keccak": {:hex, :ex_keccak, "0.7.8", "be1cf194d3158f0a305eaed0334e478d0d0f2c827e7c1f8f0e1e2a667da5a8ac", [:mix], [{:rustler, ">= 0.0.0", [hex: :rustler, repo: "hexpm", optional: true]}, {:rustler_precompiled, "~> 0.8", [hex: :rustler_precompiled, repo: "hexpm", optional: false]}], "hexpm", "52de5b42b718df2534fb9a55780d8a05bbaea539f867c3e7c0a8e7e1d5f149d9"},
  "ex_rlp": {:hex, :ex_rlp, "0.6.0", "985391d2356a7cb8712a4a9a2deb93f19f2fbca0323f5c1203fcaf64d077e31e", [:mix], [], "hexpm", "7135db93b861d9e76821039b60b00a6a22d2c4e751bf8c444bffe7a042f1abaf"},
  "ex_secp256k1": {:hex, :ex_secp256k1, "0.7.6", "49ea3b07dbc55e2b339e2cd54c6fcb3434620e2de1dfbb4b4f41351384119579", [:mix], [{:rustler, ">= 0.0.0", [hex: :rustler, repo: "hexpm", optional: true]}, {:rustler_precompiled, "~> 0.8", [hex: :rustler_precompiled, repo: "hexpm", optional: false]}], "hexpm", "b84c9c4d85b47410cd951222b4d2b644cdbff96f4f83bc5ac96ee15d850a113c"},
  "expo": {:hex, :expo, "1.1.1", "4202e1d2ca6e2b3b63e02f69cfe0a404f77702b041d02b58597c00992b601db5", [:mix], [], "hexpm", "5fb308b9cb359ae200b7e23d37c76978673aa1b06e2b3075d814ce12c5811640"},
  "exqlite": {:hex, :exqlite, "0.34.0", "ebca3570eb4c4eb4345d76c8e44ce31a62de7b24a54fd118164480f2954bd540", [:make, :mix], [{:cc_precompiler, "~> 0.1", [hex: :cc_precompiler, repo: "hexpm", optional: false]}, {:db_connection, "~> 2.1", [hex: :db_connection, repo: "hexpm", optional: false]}, {:elixir_make, "~> 0.8", [hex: :elixir_make, repo: "hexpm", optional: false]}, {:table, "~> 0.1.0", [hex: :table, repo: "hexpm", optional: true]}], "hexpm", "bcdc58879a0db5e08cd5f6fbe07a0692ceffaaaa617eab46b506137edf0a2742"},
  "file_system": {:hex, :file_system, "1.1.1", "31864f4685b0148f25bd3fbef2b1228457c0c89024ad67f7a81a3ffbc0bbad3a", [:mix], [], "hexpm", "7a15ff97dfe526aeefb090a7a9d3d03aa907e100e262a0f8f7746b78f8f87a5d"},
  "finch": {:hex, :finch, "0.20.0", "5330aefb6b010f424dcbbc4615d914e9e3deae40095e73ab0c1bb0968933cadf", [:mix], [{:mime, "~> 1.0 or ~> 2.0", [hex: :mime, repo: "hexpm", optional: false]}, {:mint, "~> 1.6.2 or ~> 1.7", [hex: :mint, repo: "hexpm", optional: false]}, {:nimble_options, "~> 0.4 or ~> 1.0", [hex: :nimble_options, repo: "hexpm", optional: false]}, {:nimble_pool, "~> 1.1", [hex: :nimble_pool, repo: "hexpm", optional: false]}, {:telemetry, "~> 0.4 or ~> 1.0", [hex: :telemetry, repo: "hexpm", optional: false]}], "hexpm", "2658131a74d051aabfcba936093c903b8e89da9a1b63e430bee62045fa9b2ee2"},
  "fine": {:hex, :fine, "0.1.4", "b19a89c1476c7c57afb5f9314aed5960b5bc95d5277de4cb5ee8e1d1616ce379", [:mix], [], "hexpm", "be3324cc454a42d80951cf6023b9954e9ff27c6daa255483b3e8d608670303f5"},
  "floki": {:hex, :floki, "0.38.0", "62b642386fa3f2f90713f6e231da0fa3256e41ef1089f83b6ceac7a3fd3abf33", [:mix], [], "hexpm", "a5943ee91e93fb2d635b612caf5508e36d37548e84928463ef9dd986f0d1abd9"},
  "gettext": {:hex, :gettext, "1.0.2", "5457e1fd3f4abe47b0e13ff85086aabae760497a3497909b8473e0acee57673b", [:mix], [{:expo, "~> 0.5.1 or ~> 1.0", [hex: :expo, repo: "hexpm", optional: false]}], "hexpm", "eab805501886802071ad290714515c8c4a17196ea76e5afc9d06ca85fb1bfeb3"},
  "hammer": {:hex, :hammer, "6.2.1", "5ae9c33e3dceaeb42de0db46bf505bd9c35f259c8defb03390cd7556fea67ee2", [:mix], [{:poolboy, "~> 1.5", [hex: :poolboy, repo: "hexpm", optional: false]}], "hexpm", "b9476d0c13883d2dc0cc72e786bac6ac28911fba7cc2e04b70ce6a6d9c4b2bdc"},
  "heroicons": {:git, "https://github.com/tailwindlabs/heroicons.git", "0435d4ca364a608cc75e2f8683d374e55abbae26", [tag: "v2.2.0", sparse: "optimized"]},
  "hpax": {:hex, :hpax, "1.0.3", "ed67ef51ad4df91e75cc6a1494f851850c0bd98ebc0be6e81b026e765ee535aa", [:mix], [], "hexpm", "8eab6e1cfa8d5918c2ce4ba43588e894af35dbd8e91e6e55c817bca5847df34a"},
  "idna": {:hex, :idna, "6.1.1", "8a63070e9f7d0c62eb9d9fcb360a7de382448200fbbd1b106cc96d3d8099df8d", [:rebar3], [{:unicode_util_compat, "~> 0.7.0", [hex: :unicode_util_compat, repo: "hexpm", optional: false]}], "hexpm", "92376eb7894412ed19ac475e4a86f7b413c1b9fbb5bd16dccd57934157944cea"},
  "jason": {:hex, :jason, "1.4.4", "b9226785a9aa77b6857ca22832cffa5d5011a667207eb2a0ad56adb5db443b8a", [:mix], [{:decimal, "~> 1.0 or ~> 2.0", [hex: :decimal, repo: "hexpm", optional: true]}], "hexpm", "c5eb0cab91f094599f94d55bc63409236a8ec69a21a67814529e8d5f6cc90b3b"},
  "lazy_html": {:hex, :lazy_html, "0.1.8", "677a8642e644eef8de98f3040e2520d42d0f0f8bd6c5cd49db36504e34dffe91", [:make, :mix], [{:cc_precompiler, "~> 0.1", [hex: :cc_precompiler, repo: "hexpm", optional: false]}, {:elixir_make, "~> 0.9.0", [hex: :elixir_make, repo: "hexpm", optional: false]}, {:fine, "~> 0.1.0", [hex: :fine, repo: "hexpm", optional: false]}], "hexpm", "0d8167d930b704feb94b41414ca7f5779dff9bca7fcf619fcef18de138f08736"},
  "libcluster": {:hex, :libcluster, "3.5.0", "5ee4cfde4bdf32b2fef271e33ce3241e89509f4344f6c6a8d4069937484866ba", [:mix], [{:jason, "~> 1.1", [hex: :jason, repo: "hexpm", optional: false]}, {:telemetry, "~> 1.3", [hex: :telemetry, repo: "hexpm", optional: false]}], "hexpm", "ebf6561fcedd765a4cd43b4b8c04b1c87f4177b5fb3cbdfe40a780499d72f743"},
  "mime": {:hex, :mime, "2.0.7", "b8d739037be7cd402aee1ba0306edfdef982687ee7e9859bee6198c1e7e2f128", [:mix], [], "hexpm", "6171188e399ee16023ffc5b76ce445eb6d9672e2e241d2df6050f3c771e80ccd"},
  "mint": {:hex, :mint, "1.7.1", "113fdb2b2f3b59e47c7955971854641c61f378549d73e829e1768de90fc1abf1", [:mix], [{:castore, "~> 0.1.0 or ~> 1.0", [hex: :castore, repo: "hexpm", optional: true]}, {:hpax, "~> 0.1.1 or ~> 0.2.0 or ~> 1.0", [hex: :hpax, repo: "hexpm", optional: false]}], "hexpm", "fceba0a4d0f24301ddee3024ae116df1c3f4bb7a563a731f45fdfeb9d39a231b"},
  "mox": {:hex, :mox, "1.2.0", "a2cd96b4b80a3883e3100a221e8adc1b98e4c3a332a8fc434c39526babafd5b3", [:mix], [{:nimble_ownership, "~> 1.0", [hex: :nimble_ownership, repo: "hexpm", optional: false]}], "hexpm", "c7b92b3cc69ee24a7eeeaf944cd7be22013c52fcb580c1f33f50845ec821089a"},
  "nimble_options": {:hex, :nimble_options, "1.1.1", "e3a492d54d85fc3fd7c5baf411d9d2852922f66e69476317787a7b2bb000a61b", [:mix], [], "hexpm", "821b2470ca9442c4b6984882fe9bb0389371b8ddec4d45a9504f00a66f650b44"},
  "nimble_ownership": {:hex, :nimble_ownership, "1.0.2", "fa8a6f2d8c592ad4d79b2ca617473c6aefd5869abfa02563a77682038bf916cf", [:mix], [], "hexpm", "098af64e1f6f8609c6672127cfe9e9590a5d3fcdd82bc17a377b8692fd81a879"},
  "nimble_pool": {:hex, :nimble_pool, "1.1.0", "bf9c29fbdcba3564a8b800d1eeb5a3c58f36e1e11d7b7fb2e084a643f645f06b", [:mix], [], "hexpm", "af2e4e6b34197db81f7aad230c1118eac993acc0dae6bc83bac0126d4ae0813a"},
  "phoenix": {:hex, :phoenix, "1.8.3", "49ac5e485083cb1495a905e47eb554277bdd9c65ccb4fc5100306b350151aa95", [:mix], [{:bandit, "~> 1.0", [hex: :bandit, repo: "hexpm", optional: true]}, {:jason, "~> 1.0", [hex: :jason, repo: "hexpm", optional: true]}, {:phoenix_pubsub, "~> 2.1", [hex: :phoenix_pubsub, repo: "hexpm", optional: false]}, {:phoenix_template, "~> 1.0", [hex: :phoenix_template, repo: "hexpm", optional: false]}, {:phoenix_view, "~> 2.0", [hex: :phoenix_view, repo: "hexpm", optional: true]}, {:plug, "~> 1.14", [hex: :plug, repo: "hexpm", optional: false]}, {:plug_cowboy, "~> 2.7", [hex: :plug_cowboy, repo: "hexpm", optional: true]}, {:plug_crypto, "~> 1.2 or ~> 2.0", [hex: :plug_crypto, repo: "hexpm", optional: false]}, {:telemetry, "~> 0.4 or ~> 1.0", [hex: :telemetry, repo: "hexpm", optional: false]}, {:websock_adapter, "~> 0.5.3", [hex: :websock_adapter, repo: "hexpm", optional: false]}], "hexpm", "36169f95cc2e155b78be93d9590acc3f462f1e5438db06e6248613f27c80caec"},
  "phoenix_html": {:hex, :phoenix_html, "4.3.0", "d3577a5df4b6954cd7890c84d955c470b5310bb49647f0a114a6eeecc850f7ad", [:mix], [], "hexpm", "3eaa290a78bab0f075f791a46a981bbe769d94bc776869f4f3063a14f30497ad"},
  "phoenix_live_dashboard": {:hex, :phoenix_live_dashboard, "0.8.7", "405880012cb4b706f26dd1c6349125bfc903fb9e44d1ea668adaf4e04d4884b7", [:mix], [{:ecto, "~> 3.6.2 or ~> 3.7", [hex: :ecto, repo: "hexpm", optional: true]}, {:ecto_mysql_extras, "~> 0.5", [hex: :ecto_mysql_extras, repo: "hexpm", optional: true]}, {:ecto_psql_extras, "~> 0.7", [hex: :ecto_psql_extras, repo: "hexpm", optional: true]}, {:ecto_sqlite3_extras, "~> 1.1.7 or ~> 1.2.0", [hex: :ecto_sqlite3_extras, repo: "hexpm", optional: true]}, {:mime, "~> 1.6 or ~> 2.0", [hex: :mime, repo: "hexpm", optional: false]}, {:phoenix_live_view, "~> 0.19 or ~> 1.0", [hex: :phoenix_live_view, repo: "hexpm", optional: false]}, {:telemetry_metrics, "~> 0.6 or ~> 1.0", [hex: :telemetry_metrics, repo: "hexpm", optional: false]}], "hexpm", "3a8625cab39ec261d48a13b7468dc619c0ede099601b084e343968309bd4d7d7"},
  "phoenix_live_reload": {:hex, :phoenix_live_reload, "1.6.2", "b18b0773a1ba77f28c52decbb0f10fd1ac4d3ae5b8632399bbf6986e3b665f62", [:mix], [{:file_system, "~> 0.2.10 or ~> 1.0", [hex: :file_system, repo: "hexpm", optional: false]}, {:phoenix, "~> 1.4", [hex: :phoenix, repo: "hexpm", optional: false]}], "hexpm", "d1f89c18114c50d394721365ffb428cce24f1c13de0467ffa773e2ff4a30d5b9"},
  "phoenix_live_view": {:hex, :phoenix_live_view, "1.1.19", "c95e9acbc374fb796ee3e24bfecc8213123c74d9f9e45667ca40bb0a4d242953", [:mix], [{:igniter, ">= 0.6.16 and < 1.0.0-0", [hex: :igniter, repo: "hexpm", optional: true]}, {:jason, "~> 1.0", [hex: :jason, repo: "hexpm", optional: true]}, {:lazy_html, "~> 0.1.0", [hex: :lazy_html, repo: "hexpm", optional: true]}, {:phoenix, "~> 1.6.15 or ~> 1.7.0 or ~> 1.8.0-rc", [hex: :phoenix, repo: "hexpm", optional: false]}, {:phoenix_html, "~> 3.3 or ~> 4.0", [hex: :phoenix_html, repo: "hexpm", optional: false]}, {:phoenix_template, "~> 1.0", [hex: :phoenix_template, repo: "hexpm", optional: false]}, {:phoenix_view, "~> 2.0", [hex: :phoenix_view, repo: "hexpm", optional: true]}, {:plug, "~> 1.15", [hex: :plug, repo: "hexpm", optional: false]}, {:telemetry, "~> 0.4.2 or ~> 1.0", [hex: :telemetry, repo: "hexpm", optional: false]}], "hexpm", "d5ad357d6b21562a5b431f0ad09dfe76db9ce5648c6949f1aac334c8c4455d32"},
  "phoenix_pubsub": {:hex, :phoenix_pubsub, "2.2.0", "ff3a5616e1bed6804de7773b92cbccfc0b0f473faf1f63d7daf1206c7aeaaa6f", [:mix], [], "hexpm", "adc313a5bf7136039f63cfd9668fde73bba0765e0614cba80c06ac9460ff3e96"},
  "phoenix_template": {:hex, :phoenix_template, "1.0.4", "e2092c132f3b5e5b2d49c96695342eb36d0ed514c5b252a77048d5969330d639", [:mix], [{:phoenix_html, "~> 2.14.2 or ~> 3.0 or ~> 4.0", [hex: :phoenix_html, repo: "hexpm", optional: true]}], "hexpm", "2c0c81f0e5c6753faf5cca2f229c9709919aba34fab866d3bc05060c9c444206"},
  "plug": {:hex, :plug, "1.19.1", "09bac17ae7a001a68ae393658aa23c7e38782be5c5c00c80be82901262c394c0", [:mix], [{:mime, "~> 1.0 or ~> 2.0", [hex: :mime, repo: "hexpm", optional: false]}, {:plug_crypto, "~> 1.1.1 or ~> 1.2 or ~> 2.0", [hex: :plug_crypto, repo: "hexpm", optional: false]}, {:telemetry, "~> 0.4.3 or ~> 1.0", [hex: :telemetry, repo: "hexpm", optional: false]}], "hexpm", "560a0017a8f6d5d30146916862aaf9300b7280063651dd7e532b8be168511e62"},
  "plug_crypto": {:hex, :plug_crypto, "2.1.1", "19bda8184399cb24afa10be734f84a16ea0a2bc65054e23a62bb10f06bc89491", [:mix], [], "hexpm", "6470bce6ffe41c8bd497612ffde1a7e4af67f36a15eea5f921af71cf3e11247c"},
  "poolboy": {:hex, :poolboy, "1.5.2", "392b007a1693a64540cead79830443abf5762f5d30cf50bc95cb2c1aaafa006b", [:rebar3], [], "hexpm", "dad79704ce5440f3d5a3681c8590b9dc25d1a561e8f5a9c995281012860901e3"},
  "req": {:hex, :req, "0.5.17", "0096ddd5b0ed6f576a03dde4b158a0c727215b15d2795e59e0916c6971066ede", [:mix], [{:brotli, "~> 0.3.1", [hex: :brotli, repo: "hexpm", optional: true]}, {:ezstd, "~> 1.0", [hex: :ezstd, repo: "hexpm", optional: true]}, {:finch, "~> 0.17", [hex: :finch, repo: "hexpm", optional: false]}, {:jason, "~> 1.0", [hex: :jason, repo: "hexpm", optional: false]}, {:mime, "~> 2.0.6 or ~> 2.1", [hex: :mime, repo: "hexpm", optional: false]}, {:nimble_csv, "~> 1.0", [hex: :nimble_csv, repo: "hexpm", optional: true]}, {:plug, "~> 1.0", [hex: :plug, repo: "hexpm", optional: true]}], "hexpm", "0b8bc6ffdfebbc07968e59d3ff96d52f2202d0536f10fef4dc11dc02a2a43e39"},
  "rustler_precompiled": {:hex, :rustler_precompiled, "0.8.4", "700a878312acfac79fb6c572bb8b57f5aae05fe1cf70d34b5974850bbf2c05bf", [:mix], [{:castore, "~> 0.1 or ~> 1.0", [hex: :castore, repo: "hexpm", optional: false]}, {:rustler, "~> 0.23", [hex: :rustler, repo: "hexpm", optional: true]}], "hexpm", "3b33d99b540b15f142ba47944f7a163a25069f6d608783c321029bc1ffb09514"},
  "tailwind": {:hex, :tailwind, "0.4.1", "e7bcc222fe96a1e55f948e76d13dd84a1a7653fb051d2a167135db3b4b08d3e9", [:mix], [], "hexpm", "6249d4f9819052911120dbdbe9e532e6bd64ea23476056adb7f730aa25c220d1"},
  "telemetry": {:hex, :telemetry, "1.3.0", "fedebbae410d715cf8e7062c96a1ef32ec22e764197f70cda73d82778d61e7a2", [:rebar3], [], "hexpm", "7015fc8919dbe63764f4b4b87a95b7c0996bd539e0d499be6ec9d7f3875b79e6"},
  "telemetry_metrics": {:hex, :telemetry_metrics, "1.1.0", "5bd5f3b5637e0abea0426b947e3ce5dd304f8b3bc6617039e2b5a008adc02f8f", [:mix], [{:telemetry, "~> 0.4 or ~> 1.0", [hex: :telemetry, repo: "hexpm", optional: false]}], "hexpm", "e7b79e8ddfde70adb6db8a6623d1778ec66401f366e9a8f5dd0955c56bc8ce67"},
  "telemetry_poller": {:hex, :telemetry_poller, "1.3.0", "d5c46420126b5ac2d72bc6580fb4f537d35e851cc0f8dbd571acf6d6e10f5ec7", [:rebar3], [{:telemetry, "~> 1.0", [hex: :telemetry, repo: "hexpm", optional: false]}], "hexpm", "51f18bed7128544a50f75897db9974436ea9bfba560420b646af27a9a9b35211"},
  "thousand_island": {:hex, :thousand_island, "1.4.3", "2158209580f633be38d43ec4e3ce0a01079592b9657afff9080d5d8ca149a3af", [:mix], [{:telemetry, "~> 0.4 or ~> 1.0", [hex: :telemetry, repo: "hexpm", optional: false]}], "hexpm", "6e4ce09b0fd761a58594d02814d40f77daff460c48a7354a15ab353bb998ea0b"},
  "unicode_util_compat": {:hex, :unicode_util_compat, "0.7.1", "a48703a25c170eedadca83b11e88985af08d35f37c6f664d6dcfb106a97782fc", [:rebar3], [], "hexpm", "b3a917854ce3ae233619744ad1e0102e05673136776fb2fa76234f3e03b23642"},
  "websock": {:hex, :websock, "0.5.3", "2f69a6ebe810328555b6fe5c831a851f485e303a7c8ce6c5f675abeb20ebdadc", [:mix], [], "hexpm", "6105453d7fac22c712ad66fab1d45abdf049868f253cf719b625151460b8b453"},
  "websock_adapter": {:hex, :websock_adapter, "0.5.9", "43dc3ba6d89ef5dec5b1d0a39698436a1e856d000d84bf31a3149862b01a287f", [:mix], [{:bandit, ">= 0.6.0", [hex: :bandit, repo: "hexpm", optional: true]}, {:plug, "~> 1.14", [hex: :plug, repo: "hexpm", optional: false]}, {:plug_cowboy, "~> 2.6", [hex: :plug_cowboy, repo: "hexpm", optional: true]}, {:websock, "~> 0.5", [hex: :websock, repo: "hexpm", optional: false]}], "hexpm", "5534d5c9adad3c18a0f58a9371220d75a803bf0b9a3d87e6fe072faaeed76a08"},
  "websockex": {:hex, :websockex, "0.4.3", "92b7905769c79c6480c02daacaca2ddd49de936d912976a4d3c923723b647bf0", [:mix], [], "hexpm", "95f2e7072b85a3a4cc385602d42115b73ce0b74a9121d0d6dbbf557645ac53e4"},
}
